
Microsoft Visual Studio Solution File, Format Version 12.00
# Visual Studio Version 17
VisualStudioVersion = 17.14.36414.22 d17.14
MinimumVisualStudioVersion = 10.0.40219.1
Project("{FAE04EC0-301F-11D3-BF4B-00C04F79EFBC}") = "TheEar", "TheEar.csproj", "{9F74E4E0-4830-4E5D-81DD-C4D260DF74C4}"
EndProject
Global
	GlobalSection(SolutionConfigurationPlatforms) = preSolution
		Debug|Any CPU = Debug|Any CPU
		Release|Any CPU = Release|Any CPU
	EndGlobalSection
	GlobalSection(ProjectConfigurationPlatforms) = postSolution
		{9F74E4E0-4830-4E5D-81DD-C4D260DF74C4}.Debug|Any CPU.ActiveCfg = Debug|Any CPU
		{9F74E4E0-4830-4E5D-81DD-C4D260DF74C4}.Debug|Any CPU.Build.0 = Debug|Any CPU
		{9F74E4E0-4830-4E5D-81DD-C4D260DF74C4}.Release|Any CPU.ActiveCfg = Release|Any CPU
		{9F74E4E0-4830-4E5D-81DD-C4D260DF74C4}.Release|Any CPU.Build.0 = Release|Any CPU
	EndGlobalSection
	GlobalSection(SolutionProperties) = preSolution
		HideSolutionNode = FALSE
	EndGlobalSection
	GlobalSection(ExtensibilityGlobals) = postSolution
		SolutionGuid = {86A3ADFC-BB38-4027-A93F-2B78FFEAE08E}
	EndGlobalSection
EndGlobal
